
Microsoft Visual Studio Solution File, Format Version 12.00
# Visual Studio Version 17
VisualStudioVersion = 17.3.32901.215
MinimumVisualStudioVersion = 10.0.40219.1
Project("{FAE04EC0-301F-11D3-BF4B-00C04F79EFBC}") = "MaskedTextBox-ornek", "MaskedTextBox-ornek\MaskedTextBox-ornek.csproj", "{3C19E1AA-8E05-4919-9D16-DD6C9242F9C9}"
EndProject
Global
	GlobalSection(SolutionConfigurationPlatforms) = preSolution
		Debug|Any CPU = Debug|Any CPU
		Release|Any CPU = Release|Any CPU
	EndGlobalSection
	GlobalSection(ProjectConfigurationPlatforms) = postSolution
		{3C19E1AA-8E05-4919-9D16-DD6C9242F9C9}.Debug|Any CPU.ActiveCfg = Debug|Any CPU
		{3C19E1AA-8E05-4919-9D16-DD6C9242F9C9}.Debug|Any CPU.Build.0 = Debug|Any CPU
		{3C19E1AA-8E05-4919-9D16-DD6C9242F9C9}.Release|Any CPU.ActiveCfg = Release|Any CPU
		{3C19E1AA-8E05-4919-9D16-DD6C9242F9C9}.Release|Any CPU.Build.0 = Release|Any CPU
	EndGlobalSection
	GlobalSection(SolutionProperties) = preSolution
		HideSolutionNode = FALSE
	EndGlobalSection
	GlobalSection(ExtensibilityGlobals) = postSolution
		SolutionGuid = {CC0FF67D-412D-48F2-A6A8-E9A7B9030CFB}
	EndGlobalSection
EndGlobal
